
Microsoft Visual Studio Solution File, Format Version 12.00
# Visual Studio Version 17
VisualStudioVersion = 17.7.34031.279
MinimumVisualStudioVersion = 10.0.40219.1
Project("{9A19103F-16F7-4668-BE54-9A1E7A4F7556}") = "DebloatAndFloat", "Debloat And Float\DebloatAndFloat.csproj", "{59FA0D8C-7E30-43EF-8BFE-1FA18C80187A}"
EndProject
Global
	GlobalSection(SolutionConfigurationPlatforms) = preSolution
		Debug|Any CPU = Debug|Any CPU
		Release|Any CPU = Release|Any CPU
	EndGlobalSection
	GlobalSection(ProjectConfigurationPlatforms) = postSolution
		{59FA0D8C-7E30-43EF-8BFE-1FA18C80187A}.Debug|Any CPU.ActiveCfg = Debug|Any CPU
		{59FA0D8C-7E30-43EF-8BFE-1FA18C80187A}.Debug|Any CPU.Build.0 = Debug|Any CPU
		{59FA0D8C-7E30-43EF-8BFE-1FA18C80187A}.Release|Any CPU.ActiveCfg = Release|Any CPU
		{59FA0D8C-7E30-43EF-8BFE-1FA18C80187A}.Release|Any CPU.Build.0 = Release|Any CPU
	EndGlobalSection
	GlobalSection(SolutionProperties) = preSolution
		HideSolutionNode = FALSE
	EndGlobalSection
	GlobalSection(ExtensibilityGlobals) = postSolution
		SolutionGuid = {7ECCCA5F-E054-4502-AAFB-B5E2A05F8448}
	EndGlobalSection
EndGlobal
